PODS:
  - MZAppearance (1.1.5)
  - MZFormSheetController (3.1.0):
    - MZAppearance
    - MZFormSheetController/Core (= 3.1.0)
  - MZFormSheetController/Core (3.1.0):
    - MZAppearance
  - RBStoryboardLink (0.1.4)
  - SZTextView (1.2.1)

DEPENDENCIES:
  - MZFormSheetController
  - RBStoryboardLink
  - SZTextView

SPEC CHECKSUMS:
  MZAppearance: 6e9dc64e42074c0a19812a327f590746c3283bab
  MZFormSheetController: a29e904f8832bcaa08a9751106e10beb4df751df
  RBStoryboardLink: 0faae84aea6a5e8716c4469984d847d958c3fcb3
  SZTextView: 906df45afd3c1b24fc5252088d5ef8061513c238

COCOAPODS: 0.37.2
